// !$*UTF8*$!
{
	archiveVersion = 1;
	classes = {
	};
	objectVersion = 50;
	objects = {

/* Begin PBXBuildFile section */
		04181440231DAE1800ED720A /* AVPlayer+isPlaying.swift in Sources */ = {isa = PBXBuildFile; fileRef = 0418143F231DAE1800ED720A /* AVPlayer+isPlaying.swift */; };
		04181442231DB12900ED720A /* Subtitle.swift in Sources */ = {isa = PBXBuildFile; fileRef = 04181441231DB12900ED720A /* Subtitle.swift */; };
		04292642231D864D0037DF50 /* AppDelegate.swift in Sources */ = {isa = PBXBuildFile; fileRef = 04292641231D864D0037DF50 /* AppDelegate.swift */; };
		04292644231D864D0037DF50 /* ViewController.swift in Sources */ = {isa = PBXBuildFile; fileRef = 04292643231D864D0037DF50 /* ViewController.swift */; };
		04292647231D864D0037DF50 /* Main.storyboard in Resources */ = {isa = PBXBuildFile; fileRef = 04292645231D864D0037DF50 /* Main.storyboard */; };
		04292649231D864E0037DF50 /* Assets.xcassets in Resources */ = {isa = PBXBuildFile; fileRef = 04292648231D864E0037DF50 /* Assets.xcassets */; };
		0429264C231D864E0037DF50 /* LaunchScreen.storyboard in Resources */ = {isa = PBXBuildFile; fileRef = 0429264A231D864E0037DF50 /* LaunchScreen.storyboard */; };
		04292657231D88EE0037DF50 /* CNN-Student-News-2019-05-24.mp4 in Resources */ = {isa = PBXBuildFile; fileRef = 04292656231D88EE0037DF50 /* CNN-Student-News-2019-05-24.mp4 */; };
		04BCEB56231EA8E7003202F6 /* VideoManager.swift in Sources */ = {isa = PBXBuildFile; fileRef = 04BCEB55231EA8E7003202F6 /* VideoManager.swift */; };
		04BCEB58231EC8F2003202F6 /* SubtitleTableViewCell.swift in Sources */ = {isa = PBXBuildFile; fileRef = 04BCEB57231EC8F2003202F6 /* SubtitleTableViewCell.swift */; };
		04BCEB5B231EE825003202F6 /* SubtitleHideTranslateTableViewCell.swift in Sources */ = {isa = PBXBuildFile; fileRef = 04BCEB59231EE825003202F6 /* SubtitleHideTranslateTableViewCell.swift */; };
		04BCEB5C231EE825003202F6 /* SubtitleHideTranslateTableViewCell.xib in Resources */ = {isa = PBXBuildFile; fileRef = 04BCEB5A231EE825003202F6 /* SubtitleHideTranslateTableViewCell.xib */; };
		D40A8062231FC67000D21091 /* InfoTableTableViewCell.swift in Sources */ = {isa = PBXBuildFile; fileRef = D40A8060231FC67000D21091 /* InfoTableTableViewCell.swift */; };
		D40A8063231FC67000D21091 /* InfoTableTableViewCell.xib in Resources */ = {isa = PBXBuildFile; fileRef = D40A8061231FC67000D21091 /* InfoTableTableViewCell.xib */; };
		D45E96C4231F797100410C72 /* data.json in Resources */ = {isa = PBXBuildFile; fileRef = D45E96C3231F797100410C72 /* data.json */; };
/* End PBXBuildFile section */

/* Begin PBXFileReference section */
		0418143F231DAE1800ED720A /* AVPlayer+isPlaying.swift */ = {isa = PBXFileReference; lastKnownFileType = sourcecode.swift; path = "AVPlayer+isPlaying.swift"; sourceTree = "<group>"; };
		04181441231DB12900ED720A /* Subtitle.swift */ = {isa = PBXFileReference; lastKnownFileType = sourcecode.swift; path = Subtitle.swift; sourceTree = "<group>"; };
		0429263E231D864D0037DF50 /* Video.app */ = {isa = PBXFileReference; explicitFileType = wrapper.application; includeInIndex = 0; path = Video.app; sourceTree = BUILT_PRODUCTS_DIR; };
		04292641231D864D0037DF50 /* AppDelegate.swift */ = {isa = PBXFileReference; lastKnownFileType = sourcecode.swift; path = AppDelegate.swift; sourceTree = "<group>"; };
		04292643231D864D0037DF50 /* ViewController.swift */ = {isa = PBXFileReference; lastKnownFileType = sourcecode.swift; path = ViewController.swift; sourceTree = "<group>"; };
		04292646231D864D0037DF50 /* Base */ = {isa = PBXFileReference; lastKnownFileType = file.storyboard; name = Base; path = Base.lproj/Main.storyboard; sourceTree = "<group>"; };
		04292648231D864E0037DF50 /* Assets.xcassets */ = {isa = PBXFileReference; lastKnownFileType = folder.assetcatalog; path = Assets.xcassets; sourceTree = "<group>"; };
		0429264B231D864E0037DF50 /* Base */ = {isa = PBXFileReference; lastKnownFileType = file.storyboard; name = Base; path = Base.lproj/LaunchScreen.storyboard; sourceTree = "<group>"; };
		0429264D231D864E0037DF50 /* Info.plist */ = {isa = PBXFileReference; lastKnownFileType = text.plist.xml; path = Info.plist; sourceTree = "<group>"; };
		04292656231D88EE0037DF50 /* CNN-Student-News-2019-05-24.mp4 */ = {isa = PBXFileReference; lastKnownFileType = file; path = "CNN-Student-News-2019-05-24.mp4"; sourceTree = "<group>"; };
		04BCEB55231EA8E7003202F6 /* VideoManager.swift */ = {isa = PBXFileReference; lastKnownFileType = sourcecode.swift; path = VideoManager.swift; sourceTree = "<group>"; };
		04BCEB57231EC8F2003202F6 /* SubtitleTableViewCell.swift */ = {isa = PBXFileReference; lastKnownFileType = sourcecode.swift; path = SubtitleTableViewCell.swift; sourceTree = "<group>"; };
		04BCEB59231EE825003202F6 /* SubtitleHideTranslateTableViewCell.swift */ = {isa = PBXFileReference; lastKnownFileType = sourcecode.swift; path = SubtitleHideTranslateTableViewCell.swift; sourceTree = "<group>"; };
		04BCEB5A231EE825003202F6 /* SubtitleHideTranslateTableViewCell.xib */ = {isa = PBXFileReference; lastKnownFileType = file.xib; path = SubtitleHideTranslateTableViewCell.xib; sourceTree = "<group>"; };
		D40A8060231FC67000D21091 /* InfoTableTableViewCell.swift */ = {isa = PBXFileReference; lastKnownFileType = sourcecode.swift; path = InfoTableTableViewCell.swift; sourceTree = "<group>"; };
		D40A8061231FC67000D21091 /* InfoTableTableViewCell.xib */ = {isa = PBXFileReference; lastKnownFileType = file.xib; path = InfoTableTableViewCell.xib; sourceTree = "<group>"; };
		D45E96C3231F797100410C72 /* data.json */ = {isa = PBXFileReference; lastKnownFileType = text.json; path = data.json; sourceTree = "<group>"; };
/* End PBXFileReference section */

/* Begin PBXFrameworksBuildPhase section */
		0429263B231D864D0037DF50 /* Frameworks */ = {
			isa = PBXFrameworksBuildPhase;
			buildActionMask = 2147483647;
			files = (
			);
			runOnlyForDeploymentPostprocessing = 0;
		};
/* End PBXFrameworksBuildPhase section */

/* Begin PBXGroup section */
		0418143E231DADF900ED720A /* extensions */ = {
			isa = PBXGroup;
			children = (
				0418143F231DAE1800ED720A /* AVPlayer+isPlaying.swift */,
			);
			path = extensions;
			sourceTree = "<group>";
		};
		04292635231D864D0037DF50 = {
			isa = PBXGroup;
			children = (
				04292640231D864D0037DF50 /* Video */,
				0429263F231D864D0037DF50 /* Products */,
			);
			sourceTree = "<group>";
		};
		0429263F231D864D0037DF50 /* Products */ = {
			isa = PBXGroup;
			children = (
				0429263E231D864D0037DF50 /* Video.app */,
			);
			name = Products;
			sourceTree = "<group>";
		};
		04292640231D864D0037DF50 /* Video */ = {
			isa = PBXGroup;
			children = (
				D40A805F231FC60B00D21091 /* CustomCell */,
				04BCEB54231EA8D3003202F6 /* Manager */,
				0418143E231DADF900ED720A /* extensions */,
				04292653231D87610037DF50 /* resource */,
				04292641231D864D0037DF50 /* AppDelegate.swift */,
				04292643231D864D0037DF50 /* ViewController.swift */,
				04292645231D864D0037DF50 /* Main.storyboard */,
				04292648231D864E0037DF50 /* Assets.xcassets */,
				0429264A231D864E0037DF50 /* LaunchScreen.storyboard */,
				0429264D231D864E0037DF50 /* Info.plist */,
				04181441231DB12900ED720A /* Subtitle.swift */,
				04BCEB57231EC8F2003202F6 /* SubtitleTableViewCell.swift */,
				D45E96C3231F797100410C72 /* data.json */,
			);
			path = Video;
			sourceTree = "<group>";
		};
		04292653231D87610037DF50 /* resource */ = {
			isa = PBXGroup;
			children = (
				04292656231D88EE0037DF50 /* CNN-Student-News-2019-05-24.mp4 */,
			);
			path = resource;
			sourceTree = "<group>";
		};
		04BCEB54231EA8D3003202F6 /* Manager */ = {
			isa = PBXGroup;
			children = (
				04BCEB55231EA8E7003202F6 /* VideoManager.swift */,
			);
			path = Manager;
			sourceTree = "<group>";
		};
		D40A805F231FC60B00D21091 /* CustomCell */ = {
			isa = PBXGroup;
			children = (
				04BCEB59231EE825003202F6 /* SubtitleHideTranslateTableViewCell.swift */,
				04BCEB5A231EE825003202F6 /* SubtitleHideTranslateTableViewCell.xib */,
				D40A8060231FC67000D21091 /* InfoTableTableViewCell.swift */,
				D40A8061231FC67000D21091 /* InfoTableTableViewCell.xib */,
			);
			path = CustomCell;
			sourceTree = "<group>";
		};
/* End PBXGroup section */

/* Begin PBXNativeTarget section */
		0429263D231D864D0037DF50 /* Video */ = {
			isa = PBXNativeTarget;
			buildConfigurationList = 04292650231D864E0037DF50 /* Build configuration list for PBXNativeTarget "Video" */;
			buildPhases = (
				0429263A231D864D0037DF50 /* Sources */,
				0429263B231D864D0037DF50 /* Frameworks */,
				0429263C231D864D0037DF50 /* Resources */,
			);
			buildRules = (
			);
			dependencies = (
			);
			name = Video;
			productName = Video;
			productReference = 0429263E231D864D0037DF50 /* Video.app */;
			productType = "com.apple.product-type.application";
		};
/* End PBXNativeTarget section */

/* Begin PBXProject section */
		04292636231D864D0037DF50 /* Project object */ = {
			isa = PBXProject;
			attributes = {
				LastSwiftUpdateCheck = 1020;
				LastUpgradeCheck = 1020;
				ORGANIZATIONNAME = lhvan89;
				TargetAttributes = {
					0429263D231D864D0037DF50 = {
						CreatedOnToolsVersion = 10.2.1;
					};
				};
			};
			buildConfigurationList = 04292639231D864D0037DF50 /* Build configuration list for PBXProject "Video" */;
			compatibilityVersion = "Xcode 9.3";
			developmentRegion = en;
			hasScannedForEncodings = 0;
			knownRegions = (
				en,
				Base,
			);
			mainGroup = 04292635231D864D0037DF50;
			productRefGroup = 0429263F231D864D0037DF50 /* Products */;
			projectDirPath = "";
			projectRoot = "";
			targets = (
				0429263D231D864D0037DF50 /* Video */,
			);
		};
/* End PBXProject section */

/* Begin PBXResourcesBuildPhase section */
		0429263C231D864D0037DF50 /* Resources */ = {
			isa = PBXResourcesBuildPhase;
			buildActionMask = 2147483647;
			files = (
				0429264C231D864E0037DF50 /* LaunchScreen.storyboard in Resources */,
				D45E96C4231F797100410C72 /* data.json in Resources */,
				04BCEB5C231EE825003202F6 /* SubtitleHideTranslateTableViewCell.xib in Resources */,
				04292657231D88EE0037DF50 /* CNN-Student-News-2019-05-24.mp4 in Resources */,
				04292649231D864E0037DF50 /* Assets.xcassets in Resources */,
				D40A8063231FC67000D21091 /* InfoTableTableViewCell.xib in Resources */,
				04292647231D864D0037DF50 /* Main.storyboard in Resources */,
			);
			runOnlyForDeploymentPostprocessing = 0;
		};
/* End PBXResourcesBuildPhase section */

/* Begin PBXSourcesBuildPhase section */
		0429263A231D864D0037DF50 /* Sources */ = {
			isa = PBXSourcesBuildPhase;
			buildActionMask = 2147483647;
			files = (
				04292644231D864D0037DF50 /* ViewController.swift in Sources */,
				04181442231DB12900ED720A /* Subtitle.swift in Sources */,
				04BCEB56231EA8E7003202F6 /* VideoManager.swift in Sources */,
				04BCEB5B231EE825003202F6 /* SubtitleHideTranslateTableViewCell.swift in Sources */,
				04BCEB58231EC8F2003202F6 /* SubtitleTableViewCell.swift in Sources */,
				04292642231D864D0037DF50 /* AppDelegate.swift in Sources */,
				D40A8062231FC67000D21091 /* InfoTableTableViewCell.swift in Sources */,
				04181440231DAE1800ED720A /* AVPlayer+isPlaying.swift in Sources */,
			);
			runOnlyForDeploymentPostprocessing = 0;
		};
/* End PBXSourcesBuildPhase section */

/* Begin PBXVariantGroup section */
		04292645231D864D0037DF50 /* Main.storyboard */ = {
			isa = PBXVariantGroup;
			children = (
				04292646231D864D0037DF50 /* Base */,
			);
			name = Main.storyboard;
			sourceTree = "<group>";
		};
		0429264A231D864E0037DF50 /* LaunchScreen.storyboard */ = {
			isa = PBXVariantGroup;
			children = (
				0429264B231D864E0037DF50 /* Base */,
			);
			name = LaunchScreen.storyboard;
			sourceTree = "<group>";
		};
/* End PBXVariantGroup section */

/* Begin XCBuildConfiguration section */
		0429264E231D864E0037DF50 /* Debug */ = {
			isa = XCBuildConfiguration;
			buildSettings = {
				ALWAYS_SEARCH_USER_PATHS = NO;
				CLANG_ANALYZER_NONNULL = YES;
				CLANG_ANALYZER_NUMBER_OBJECT_CONVERSION = YES_AGGRESSIVE;
				CLANG_CXX_LANGUAGE_STANDARD = "gnu++14";
				CLANG_CXX_LIBRARY = "libc++";
				CLANG_ENABLE_MODULES = YES;
				CLANG_ENABLE_OBJC_ARC = YES;
				CLANG_ENABLE_OBJC_WEAK = YES;
				CLANG_WARN_BLOCK_CAPTURE_AUTORELEASING = YES;
				CLANG_WARN_BOOL_CONVERSION = YES;
				CLANG_WARN_COMMA = YES;
				CLANG_WARN_CONSTANT_CONVERSION = YES;
				CLANG_WARN_DEPRECATED_OBJC_IMPLEMENTATIONS = YES;
				CLANG_WARN_DIRECT_OBJC_ISA_USAGE = YES_ERROR;
				CLANG_WARN_DOCUMENTATION_COMMENTS = YES;
				CLANG_WARN_EMPTY_BODY = YES;
				CLANG_WARN_ENUM_CONVERSION = YES;
				CLANG_WARN_INFINITE_RECURSION = YES;
				CLANG_WARN_INT_CONVERSION = YES;
				CLANG_WARN_NON_LITERAL_NULL_CONVERSION = YES;
				CLANG_WARN_OBJC_IMPLICIT_RETAIN_SELF = YES;
				CLANG_WARN_OBJC_LITERAL_CONVERSION = YES;
				CLANG_WARN_OBJC_ROOT_CLASS = YES_ERROR;
				CLANG_WARN_RANGE_LOOP_ANALYSIS = YES;
				CLANG_WARN_STRICT_PROTOTYPES = YES;
				CLANG_WARN_SUSPICIOUS_MOVE = YES;
				CLANG_WARN_UNGUARDED_AVAILABILITY = YES_AGGRESSIVE;
				CLANG_WARN_UNREACHABLE_CODE = YES;
				CLANG_WARN__DUPLICATE_METHOD_MATCH = YES;
				CODE_SIGN_IDENTITY = "iPhone Developer";
				COPY_PHASE_STRIP = NO;
				DEBUG_INFORMATION_FORMAT = dwarf;
				ENABLE_STRICT_OBJC_MSGSEND = YES;
				ENABLE_TESTABILITY = YES;
				GCC_C_LANGUAGE_STANDARD = gnu11;
				GCC_DYNAMIC_NO_PIC = NO;
				GCC_NO_COMMON_BLOCKS = YES;
				GCC_OPTIMIZATION_LEVEL = 0;
				GCC_PREPROCESSOR_DEFINITIONS = (
					"DEBUG=1",
					"$(inherited)",
				);
				GCC_WARN_64_TO_32_BIT_CONVERSION = YES;
				GCC_WARN_ABOUT_RETURN_TYPE = YES_ERROR;
				GCC_WARN_UNDECLARED_SELECTOR = YES;
				GCC_WARN_UNINITIALIZED_AUTOS = YES_AGGRESSIVE;
				GCC_WARN_UNUSED_FUNCTION = YES;
				GCC_WARN_UNUSED_VARIABLE = YES;
				IPHONEOS_DEPLOYMENT_TARGET = 12.2;
				MTL_ENABLE_DEBUG_INFO = INCLUDE_SOURCE;
				MTL_FAST_MATH = YES;
				ONLY_ACTIVE_ARCH = YES;
				SDKROOT = iphoneos;
				SWIFT_ACTIVE_COMPILATION_CONDITIONS = DEBUG;
				SWIFT_OPTIMIZATION_LEVEL = "-Onone";
			};
			name = Debug;
		};
		0429264F231D864E0037DF50 /* Release */ = {
			isa = XCBuildConfiguration;
			buildSettings = {
				ALWAYS_SEARCH_USER_PATHS = NO;
				CLANG_ANALYZER_NONNULL = YES;
				CLANG_ANALYZER_NUMBER_OBJECT_CONVERSION = YES_AGGRESSIVE;
				CLANG_CXX_LANGUAGE_STANDARD = "gnu++14";
				CLANG_CXX_LIBRARY = "libc++";
				CLANG_ENABLE_MODULES = YES;
				CLANG_ENABLE_OBJC_ARC = YES;
				CLANG_ENABLE_OBJC_WEAK = YES;
				CLANG_WARN_BLOCK_CAPTURE_AUTORELEASING = YES;
				CLANG_WARN_BOOL_CONVERSION = YES;
				CLANG_WARN_COMMA = YES;
				CLANG_WARN_CONSTANT_CONVERSION = YES;
				CLANG_WARN_DEPRECATED_OBJC_IMPLEMENTATIONS = YES;
				CLANG_WARN_DIRECT_OBJC_ISA_USAGE = YES_ERROR;
				CLANG_WARN_DOCUMENTATION_COMMENTS = YES;
				CLANG_WARN_EMPTY_BODY = YES;
				CLANG_WARN_ENUM_CONVERSION = YES;
				CLANG_WARN_INFINITE_RECURSION = YES;
				CLANG_WARN_INT_CONVERSION = YES;
				CLANG_WARN_NON_LITERAL_NULL_CONVERSION = YES;
				CLANG_WARN_OBJC_IMPLICIT_RETAIN_SELF = YES;
				CLANG_WARN_OBJC_LITERAL_CONVERSION = YES;
				CLANG_WARN_OBJC_ROOT_CLASS = YES_ERROR;
				CLANG_WARN_RANGE_LOOP_ANALYSIS = YES;
				CLANG_WARN_STRICT_PROTOTYPES = YES;
				CLANG_WARN_SUSPICIOUS_MOVE = YES;
				CLANG_WARN_UNGUARDED_AVAILABILITY = YES_AGGRESSIVE;
				CLANG_WARN_UNREACHABLE_CODE = YES;
				CLANG_WARN__DUPLICATE_METHOD_MATCH = YES;
				CODE_SIGN_IDENTITY = "iPhone Developer";
				COPY_PHASE_STRIP = NO;
				DEBUG_INFORMATION_FORMAT = "dwarf-with-dsym";
				ENABLE_NS_ASSERTIONS = NO;
				ENABLE_STRICT_OBJC_MSGSEND = YES;
				GCC_C_LANGUAGE_STANDARD = gnu11;
				GCC_NO_COMMON_BLOCKS = YES;
				GCC_WARN_64_TO_32_BIT_CONVERSION = YES;
				GCC_WARN_ABOUT_RETURN_TYPE = YES_ERROR;
				GCC_WARN_UNDECLARED_SELECTOR = YES;
				GCC_WARN_UNINITIALIZED_AUTOS = YES_AGGRESSIVE;
				GCC_WARN_UNUSED_FUNCTION = YES;
				GCC_WARN_UNUSED_VARIABLE = YES;
				IPHONEOS_DEPLOYMENT_TARGET = 12.2;
				MTL_ENABLE_DEBUG_INFO = NO;
				MTL_FAST_MATH = YES;
				SDKROOT = iphoneos;
				SWIFT_COMPILATION_MODE = wholemodule;
				SWIFT_OPTIMIZATION_LEVEL = "-O";
				VALIDATE_PRODUCT = YES;
			};
			name = Release;
		};
		04292651231D864E0037DF50 /* Debug */ = {
			isa = XCBuildConfiguration;
			buildSettings = {
				ASSETCATALOG_COMPILER_APPICON_NAME = AppIcon;
				CODE_SIGN_STYLE = Automatic;
				DEVELOPMENT_TEAM = AWN5653TC6;
				INFOPLIST_FILE = Video/Info.plist;
				LD_RUNPATH_SEARCH_PATHS = (
					"$(inherited)",
					"@executable_path/Frameworks",
				);
				PRODUCT_BUNDLE_IDENTIFIER = com.lhvan89.Video;
				PRODUCT_NAME = "$(TARGET_NAME)";
				SWIFT_VERSION = 5.0;
				TARGETED_DEVICE_FAMILY = "1,2";
			};
			name = Debug;
		};
		04292652231D864E0037DF50 /* Release */ = {
			isa = XCBuildConfiguration;
			buildSettings = {
				ASSETCATALOG_COMPILER_APPICON_NAME = AppIcon;
				CODE_SIGN_STYLE = Automatic;
				DEVELOPMENT_TEAM = AWN5653TC6;
				INFOPLIST_FILE = Video/Info.plist;
				LD_RUNPATH_SEARCH_PATHS = (
					"$(inherited)",
					"@executable_path/Frameworks",
				);
				PRODUCT_BUNDLE_IDENTIFIER = com.lhvan89.Video;
				PRODUCT_NAME = "$(TARGET_NAME)";
				SWIFT_VERSION = 5.0;
				TARGETED_DEVICE_FAMILY = "1,2";
			};
			name = Release;
		};
/* End XCBuildConfiguration section */

/* Begin XCConfigurationList section */
		04292639231D864D0037DF50 /* Build configuration list for PBXProject "Video" */ = {
			isa = XCConfigurationList;
			buildConfigurations = (
				0429264E231D864E0037DF50 /* Debug */,
				0429264F231D864E0037DF50 /* Release */,
			);
			defaultConfigurationIsVisible = 0;
			defaultConfigurationName = Release;
		};
		04292650231D864E0037DF50 /* Build configuration list for PBXNativeTarget "Video" */ = {
			isa = XCConfigurationList;
			buildConfigurations = (
				04292651231D864E0037DF50 /* Debug */,
				04292652231D864E0037DF50 /* Release */,
			);
			defaultConfigurationIsVisible = 0;
			defaultConfigurationName = Release;
		};
/* End XCConfigurationList section */
	};
	rootObject = 04292636231D864D0037DF50 /* Project object */;
}
